[[package]]
name = "attrs"
version = "20.3.0"
description = "Classes Without Boilerplate"
category = "main"
optional = false
python-versions = ">=2.7, !=3.0.*, !=3.1.*, !=3.2.*, !=3.3.*"

[package.extras]
dev = ["coverage[toml] (>=5.0.2)", "hypothesis", "pympler", "pytest (>=4.3.0)", "six", "zope.interface", "furo", "sphinx", "pre-commit"]
docs = ["furo", "sphinx", "zope.interface"]
tests = ["coverage[toml] (>=5.0.2)", "hypothesis", "pympler", "pytest (>=4.3.0)", "six", "zope.interface"]
tests_no_zope = ["coverage[toml] (>=5.0.2)", "hypothesis", "pympler", "pytest (>=4.3.0)", "six"]

[[package]]
name = "certifi"
version = "2020.12.5"
description = "Python package for providing Mozilla's CA Bundle."
category = "main"
optional = false
python-versions = "*"

[[package]]
name = "chardet"
version = "4.0.0"
description = "Universal encoding detector for Python 2 and 3"
category = "main"
optional = false
python-versions = ">=2.7, !=3.0.*, !=3.1.*, !=3.2.*, !=3.3.*, !=3.4.*"

[[package]]
name = "click"
version = "7.1.2"
description = "Composable command line interface toolkit"
category = "main"
optional = false
python-versions = ">=2.7, !=3.0.*, !=3.1.*, !=3.2.*, !=3.3.*, !=3.4.*"

[[package]]
name = "colorama"
version = "0.4.4"
description = "Cross-platform colored terminal text."
category = "main"
optional = false
python-versions = ">=2.7, !=3.0.*, !=3.1.*, !=3.2.*, !=3.3.*, !=3.4.*"

[[package]]
name = "crayons"
version = "0.4.0"
description = "TextUI colors for Python."
category = "main"
optional = false
python-versions = "*"

[package.dependencies]
colorama = "*"

[[package]]
name = "cycler"
version = "0.10.0"
description = "Composable style cycles"
category = "main"
optional = false
python-versions = "*"

[package.dependencies]
six = "*"

[[package]]
name = "docker"
version = "4.4.4"
description = "A Python library for the Docker Engine API."
category = "main"
optional = false
python-versions = ">=2.7, !=3.0.*, !=3.1.*, !=3.2.*, !=3.3.*, !=3.4.*"

[package.dependencies]
pywin32 = {version = "227", markers = "sys_platform == \"win32\""}
requests = ">=2.14.2,<2.18.0 || >2.18.0"
six = ">=1.4.0"
websocket-client = ">=0.32.0"

[package.extras]
ssh = ["paramiko (>=2.4.2)"]
tls = ["pyOpenSSL (>=17.5.0)", "cryptography (>=1.3.4)", "idna (>=2.0.0)"]

[[package]]
name = "h5py"
version = "3.2.1"
description = "Read and write HDF5 files from Python"
category = "main"
optional = false
python-versions = ">=3.7"

[package.dependencies]
numpy = [
    {version = ">=1.17.5", markers = "python_version == \"3.8\""},
    {version = ">=1.19.3", markers = "python_version >= \"3.9\""},
]

[[package]]
name = "idna"
version = "2.10"
description = "Internationalized Domain Names in Applications (IDNA)"
category = "main"
optional = false
python-versions = ">=2.7, !=3.0.*, !=3.1.*, !=3.2.*, !=3.3.*"

[[package]]
name = "kiwisolver"
version = "1.3.1"
description = "A fast implementation of the Cassowary constraint solver"
category = "main"
optional = false
python-versions = ">=3.6"

[[package]]
name = "lm-zoo"
version = "1.2.3"
description = "Command-line interface with state-of-the-art neural network language models"
category = "main"
optional = false
python-versions = ">=3.6"

[package.dependencies]
certifi = "2020.12.5"
chardet = "4.0.0"
click = "7.1.2"
colorama = "0.4.4"
crayons = "0.4.0"
docker = "4.4.4"
h5py = "3.2.1"
idna = "2.10"
pandas = "1.2.3"
python-dateutil = "2.8.1"
pytz = "2021.1"
requests = "2.25.1"
semver = "2.13.0"
six = "1.15.0"
spython = "0.1.11"
tqdm = "4.59.0"
urllib3 = "1.26.4"
websocket-client = "0.58.0"

[[package]]
name = "matplotlib"
version = "3.4.2"
description = "Python plotting package"
category = "main"
optional = false
python-versions = ">=3.7"

[package.dependencies]
cycler = ">=0.10"
kiwisolver = ">=1.0.1"
numpy = ">=1.16"
pillow = ">=6.2.0"
pyparsing = ">=2.2.1"
python-dateutil = ">=2.7"

[[package]]
name = "more-itertools"
version = "8.8.0"
description = "More routines for operating on iterables, beyond itertools"
category = "main"
optional = false
python-versions = ">=3.5"

[[package]]
name = "numpy"
version = "1.20.3"
description = "NumPy is the fundamental package for array computing with Python."
category = "main"
optional = false
python-versions = ">=3.7"

[[package]]
name = "pandas"
version = "1.2.3"
description = "Powerful data structures for data analysis, time series, and statistics"
category = "main"
optional = false
python-versions = ">=3.7.1"

[package.dependencies]
numpy = ">=1.16.5"
python-dateutil = ">=2.7.3"
pytz = ">=2017.3"

[package.extras]
test = ["pytest (>=5.0.1)", "pytest-xdist", "hypothesis (>=3.58)"]

[[package]]
name = "pillow"
version = "8.2.0"
description = "Python Imaging Library (Fork)"
category = "main"
optional = false
python-versions = ">=3.6"

[[package]]
name = "pyparsing"
version = "2.4.7"
description = "Python parsing module"
category = "main"
optional = false
python-versions = ">=2.6, !=3.0.*, !=3.1.*, !=3.2.*"

[[package]]
name = "python-dateutil"
version = "2.8.1"
description = "Extensions to the standard Python datetime module"
category = "main"
optional = false
python-versions = "!=3.0.*,!=3.1.*,!=3.2.*,>=2.7"

[package.dependencies]
six = ">=1.5"

[[package]]
name = "pytz"
version = "2021.1"
description = "World timezone definitions, modern and historical"
category = "main"
optional = false
python-versions = "*"

[[package]]
name = "pywin32"
version = "227"
description = "Python for Window Extensions"
category = "main"
optional = false
python-versions = "*"

[[package]]
name = "requests"
version = "2.25.1"
description = "Python HTTP for Humans."
category = "main"
optional = false
python-versions = ">=2.7, !=3.0.*, !=3.1.*, !=3.2.*, !=3.3.*, !=3.4.*"

[package.dependencies]
certifi = ">=2017.4.17"
chardet = ">=3.0.2,<5"
idna = ">=2.5,<3"
urllib3 = ">=1.21.1,<1.27"

[package.extras]
security = ["pyOpenSSL (>=0.14)", "cryptography (>=1.3.4)"]
socks = ["PySocks (>=1.5.6,!=1.5.7)", "win-inet-pton"]

[[package]]
name = "scipy"
version = "1.6.1"
description = "SciPy: Scientific Library for Python"
category = "main"
optional = false
python-versions = ">=3.7"

[package.dependencies]
numpy = ">=1.16.5"

[[package]]
name = "semver"
version = "2.13.0"
description = "Python helper for Semantic Versioning (http://semver.org/)"
category = "main"
optional = false
python-versions = ">=2.7, !=3.0.*, !=3.1.*, !=3.2.*, !=3.3.*"

[[package]]
name = "six"
version = "1.15.0"
description = "Python 2 and 3 compatibility utilities"
category = "main"
optional = false
python-versions = ">=2.7, !=3.0.*, !=3.1.*, !=3.2.*"

[[package]]
name = "spython"
version = "0.1.11"
description = "Command line python tool for working with singularity."
category = "main"
optional = false
python-versions = "*"

[package.dependencies]
semver = ">=2.8.0"

[[package]]
name = "syntaxgym"
version = "0.5.8"
description = "Evaluate neural network language models on syntactic test suites"
category = "main"
optional = false
python-versions = ">=3.6"

[package.dependencies]
certifi = "2020.12.5"
chardet = "4.0.0"
click = "7.1.2"
colorama = "0.4.4"
crayons = "0.4.0"
docker = "4.4.4"
h5py = "3.2.1"
idna = "2.10"
lm-zoo = "1.2.3"
pandas = "1.2.3"
pyparsing = "2.4.7"
python-dateutil = "2.8.1"
pytz = "2021.1"
requests = "2.25.1"
semver = "2.13.0"
six = "1.15.0"
spython = "0.1.11"
tqdm = "4.59.0"
urllib3 = "1.26.4"
websocket-client = "0.58.0"

[[package]]
name = "tikzplotlib"
version = "0.9.8"
description = "Convert matplotlib figures into TikZ/PGFPlots"
category = "main"
optional = false
python-versions = ">=3.6"

[package.dependencies]
matplotlib = ">=1.4.0"
numpy = "*"
Pillow = "*"

[[package]]
name = "torch"
version = "1.8.1"
description = "Tensors and Dynamic neural networks in Python with strong GPU acceleration"
category = "main"
optional = false
python-versions = ">=3.6.2"

[package.dependencies]
numpy = "*"
typing-extensions = "*"

[[package]]
name = "torch-semiring-einsum"
version = "1.0.0"
description = "Extensible PyTorch implementation of einsum that supports multiple semirings"
category = "main"
optional = false
python-versions = ">=3.7,<4.0"

[package.dependencies]
torch = ">=1.6.0,<2.0.0"

[[package]]
name = "tqdm"
version = "4.59.0"
description = "Fast, Extensible Progress Meter"
category = "main"
optional = false
python-versions = "!=3.0.*,!=3.1.*,!=3.2.*,!=3.3.*,>=2.7"

[package.extras]
dev = ["py-make (>=0.1.0)", "twine", "wheel"]
notebook = ["ipywidgets (>=6)"]
telegram = ["requests"]

[[package]]
name = "typing-extensions"
version = "3.10.0.0"
description = "Backported and Experimental Type Hints for Python 3.5+"
category = "main"
optional = false
python-versions = "*"

[[package]]
name = "urllib3"
version = "1.26.4"
description = "HTTP library with thread-safe connection pooling, file post, and more."
category = "main"
optional = false
python-versions = ">=2.7, !=3.0.*, !=3.1.*, !=3.2.*, !=3.3.*, !=3.4.*, <4"

[package.extras]
secure = ["pyOpenSSL (>=0.14)", "cryptography (>=1.3.4)", "idna (>=2.0.0)", "certifi", "ipaddress"]
socks = ["PySocks (>=1.5.6,!=1.5.7,<2.0)"]
brotli = ["brotlipy (>=0.6.0)"]

[[package]]
name = "websocket-client"
version = "0.58.0"
description = "WebSocket client for Python with low level API options"
category = "main"
optional = false
python-versions = ">=2.6, !=3.0.*, !=3.1.*, !=3.2.*, !=3.3.*"

[package.dependencies]
six = "*"

[metadata]
lock-version = "1.1"
python-versions = "^3.8"
content-hash = "c4b15fd5544da331f27a866f7f89c00febacc8aa06cf02dbf04044c99f9a247d"

[metadata.files]
attrs = [
    {file = "attrs-20.3.0-py2.py3-none-any.whl", hash = "sha256:31b2eced602aa8423c2aea9c76a724617ed67cf9513173fd3a4f03e3a929c7e6"},
    {file = "attrs-20.3.0.tar.gz", hash = "sha256:832aa3cde19744e49938b91fea06d69ecb9e649c93ba974535d08ad92164f700"},
]
certifi = [
    {file = "certifi-2020.12.5-py2.py3-none-any.whl", hash = "sha256:719a74fb9e33b9bd44cc7f3a8d94bc35e4049deebe19ba7d8e108280cfd59830"},
    {file = "certifi-2020.12.5.tar.gz", hash = "sha256:1a4995114262bffbc2413b159f2a1a480c969de6e6eb13ee966d470af86af59c"},
]
chardet = [
    {file = "chardet-4.0.0-py2.py3-none-any.whl", hash = "sha256:f864054d66fd9118f2e67044ac8981a54775ec5b67aed0441892edb553d21da5"},
    {file = "chardet-4.0.0.tar.gz", hash = "sha256:0d6f53a15db4120f2b08c94f11e7d93d2c911ee118b6b30a04ec3ee8310179fa"},
]
click = [
    {file = "click-7.1.2-py2.py3-none-any.whl", hash = "sha256:dacca89f4bfadd5de3d7489b7c8a566eee0d3676333fbb50030263894c38c0dc"},
    {file = "click-7.1.2.tar.gz", hash = "sha256:d2b5255c7c6349bc1bd1e59e08cd12acbbd63ce649f2588755783aa94dfb6b1a"},
]
colorama = [
    {file = "colorama-0.4.4-py2.py3-none-any.whl", hash = "sha256:9f47eda37229f68eee03b24b9748937c7dc3868f906e8ba69fbcbdd3bc5dc3e2"},
    {file = "colorama-0.4.4.tar.gz", hash = "sha256:5941b2b48a20143d2267e95b1c2a7603ce057ee39fd88e7329b0c292aa16869b"},
]
crayons = [
    {file = "crayons-0.4.0-py2.py3-none-any.whl", hash = "sha256:e73ad105c78935d71fe454dd4b85c5c437ba199294e7ffd3341842bc683654b1"},
    {file = "crayons-0.4.0.tar.gz", hash = "sha256:bd33b7547800f2cfbd26b38431f9e64b487a7de74a947b0fafc89b45a601813f"},
]
cycler = [
    {file = "cycler-0.10.0-py2.py3-none-any.whl", hash = "sha256:1d8a5ae1ff6c5cf9b93e8811e581232ad8920aeec647c37316ceac982b08cb2d"},
    {file = "cycler-0.10.0.tar.gz", hash = "sha256:cd7b2d1018258d7247a71425e9f26463dfb444d411c39569972f4ce586b0c9d8"},
]
docker = [
    {file = "docker-4.4.4-py2.py3-none-any.whl", hash = "sha256:f3607d5695be025fa405a12aca2e5df702a57db63790c73b927eb6a94aac60af"},
    {file = "docker-4.4.4.tar.gz", hash = "sha256:d3393c878f575d3a9ca3b94471a3c89a6d960b35feb92f033c0de36cc9d934db"},
]
h5py = [
    {file = "h5py-3.2.1-cp37-cp37m-macosx_10_9_x86_64.whl", hash = "sha256:6766104ed13ff40b3b7bfd49f13fced5274103ee9af53667e7a97c5236b14741"},
    {file = "h5py-3.2.1-cp37-cp37m-manylinux1_x86_64.whl", hash = "sha256:4160cb0d35a83c6fb9f1cad65e826dfaeb044e001549ea78003573fb6bee4042"},
    {file = "h5py-3.2.1-cp37-cp37m-win_amd64.whl", hash = "sha256:fdabe99139a9c5e1a416b7ed38c89505f8501b376d54496e1bb737cb33df61cf"},
    {file = "h5py-3.2.1-cp38-cp38-macosx_10_9_x86_64.whl", hash = "sha256:d8467fa56356ad2efad2b5986326e71d4d74505de6f6c7bb46dbba09b37459ac"},
    {file = "h5py-3.2.1-cp38-cp38-manylinux1_x86_64.whl", hash = "sha256:a6632ac11167bbad1a8fc5c82508b97ab8c12bdfe4b659254b6f7f63d3c76744"},
    {file = "h5py-3.2.1-cp38-cp38-win_amd64.whl", hash = "sha256:90ee8a00aca5c4e0bbd821c1f6118cb9a814c15dcfdb03572c615a4431166480"},
    {file = "h5py-3.2.1-cp39-cp39-macosx_10_9_x86_64.whl", hash = "sha256:25294f2690c4813475f566663a21ef1c1b11ef892b26d46454bf0a59e507d5aa"},
    {file = "h5py-3.2.1-cp39-cp39-manylinux1_x86_64.whl", hash = "sha256:d791b710d3e54c4d2c32cb881b183db5674ceb03bf6a0c1f3fb3cf50d8997e0a"},
    {file = "h5py-3.2.1-cp39-cp39-win_amd64.whl", hash = "sha256:7c5b5f18c96fb63399280a724734fd91e1781c6b60e385e439ad8e654a294ba4"},
    {file = "h5py-3.2.1.tar.gz", hash = "sha256:89474be911bfcdb34cbf0d98b8ec48b578c27a89fdb1ae4ee7513f1ef8d9249e"},
]
idna = [
    {file = "idna-2.10-py2.py3-none-any.whl", hash = "sha256:b97d804b1e9b523befed77c48dacec60e6dcb0b5391d57af6a65a312a90648c0"},
    {file = "idna-2.10.tar.gz", hash = "sha256:b307872f855b18632ce0c21c5e45be78c0ea7ae4c15c828c20788b26921eb3f6"},
]
kiwisolver = [
    {file = "kiwisolver-1.3.1-cp36-cp36m-macosx_10_9_x86_64.whl", hash = "sha256:fd34fbbfbc40628200730bc1febe30631347103fc8d3d4fa012c21ab9c11eca9"},
    {file = "kiwisolver-1.3.1-cp36-cp36m-manylinux1_i686.whl", hash = "sha256:d3155d828dec1d43283bd24d3d3e0d9c7c350cdfcc0bd06c0ad1209c1bbc36d0"},
    {file = "kiwisolver-1.3.1-cp36-cp36m-manylinux1_x86_64.whl", hash = "sha256:5a7a7dbff17e66fac9142ae2ecafb719393aaee6a3768c9de2fd425c63b53e21"},
    {file = "kiwisolver-1.3.1-cp36-cp36m-manylinux2014_aarch64.whl", hash = "sha256:f8d6f8db88049a699817fd9178782867bf22283e3813064302ac59f61d95be05"},
    {file = "kiwisolver-1.3.1-cp36-cp36m-manylinux2014_ppc64le.whl", hash = "sha256:5f6ccd3dd0b9739edcf407514016108e2280769c73a85b9e59aa390046dbf08b"},
    {file = "kiwisolver-1.3.1-cp36-cp36m-win32.whl", hash = "sha256:225e2e18f271e0ed8157d7f4518ffbf99b9450fca398d561eb5c4a87d0986dd9"},
    {file = "kiwisolver-1.3.1-cp36-cp36m-win_amd64.whl", hash = "sha256:cf8b574c7b9aa060c62116d4181f3a1a4e821b2ec5cbfe3775809474113748d4"},
    {file = "kiwisolver-1.3.1-cp37-cp37m-macosx_10_9_x86_64.whl", hash = "sha256:232c9e11fd7ac3a470d65cd67e4359eee155ec57e822e5220322d7b2ac84fbf0"},
    {file = "kiwisolver-1.3.1-cp37-cp37m-manylinux1_i686.whl", hash = "sha256:b38694dcdac990a743aa654037ff1188c7a9801ac3ccc548d3341014bc5ca278"},
    {file = "kiwisolver-1.3.1-cp37-cp37m-manylinux1_x86_64.whl", hash = "sha256:ca3820eb7f7faf7f0aa88de0e54681bddcb46e485beb844fcecbcd1c8bd01689"},
    {file = "kiwisolver-1.3.1-cp37-cp37m-manylinux2014_aarch64.whl", hash = "sha256:c8fd0f1ae9d92b42854b2979024d7597685ce4ada367172ed7c09edf2cef9cb8"},
    {file = "kiwisolver-1.3.1-cp37-cp37m-manylinux2014_ppc64le.whl", hash = "sha256:1e1bc12fb773a7b2ffdeb8380609f4f8064777877b2225dec3da711b421fda31"},
    {file = "kiwisolver-1.3.1-cp37-cp37m-win32.whl", hash = "sha256:72c99e39d005b793fb7d3d4e660aed6b6281b502e8c1eaf8ee8346023c8e03bc"},
    {file = "kiwisolver-1.3.1-cp37-cp37m-win_amd64.whl", hash = "sha256:8be8d84b7d4f2ba4ffff3665bcd0211318aa632395a1a41553250484a871d454"},
    {file = "kiwisolver-1.3.1-cp38-cp38-macosx_10_9_x86_64.whl", hash = "sha256:31dfd2ac56edc0ff9ac295193eeaea1c0c923c0355bf948fbd99ed6018010b72"},
    {file = "kiwisolver-1.3.1-cp38-cp38-manylinux1_i686.whl", hash = "sha256:563c649cfdef27d081c84e72a03b48ea9408c16657500c312575ae9d9f7bc1c3"},
    {file = "kiwisolver-1.3.1-cp38-cp38-manylinux1_x86_64.whl", hash = "sha256:78751b33595f7f9511952e7e60ce858c6d64db2e062afb325985ddbd34b5c131"},
    {file = "kiwisolver-1.3.1-cp38-cp38-manylinux2014_aarch64.whl", hash = "sha256:a357fd4f15ee49b4a98b44ec23a34a95f1e00292a139d6015c11f55774ef10de"},
    {file = "kiwisolver-1.3.1-cp38-cp38-manylinux2014_ppc64le.whl", hash = "sha256:5989db3b3b34b76c09253deeaf7fbc2707616f130e166996606c284395da3f18"},
    {file = "kiwisolver-1.3.1-cp38-cp38-win32.whl", hash = "sha256:c08e95114951dc2090c4a630c2385bef681cacf12636fb0241accdc6b303fd81"},
    {file = "kiwisolver-1.3.1-cp38-cp38-win_amd64.whl", hash = "sha256:44a62e24d9b01ba94ae7a4a6c3fb215dc4af1dde817e7498d901e229aaf50e4e"},
    {file = "kiwisolver-1.3.1-cp39-cp39-macosx_10_9_x86_64.whl", hash = "sha256:50af681a36b2a1dee1d3c169ade9fdc59207d3c31e522519181e12f1b3ba7000"},
    {file = "kiwisolver-1.3.1-cp39-cp39-manylinux1_i686.whl", hash = "sha256:a53d27d0c2a0ebd07e395e56a1fbdf75ffedc4a05943daf472af163413ce9598"},
    {file = "kiwisolver-1.3.1-cp39-cp39-manylinux1_x86_64.whl", hash = "sha256:834ee27348c4aefc20b479335fd422a2c69db55f7d9ab61721ac8cd83eb78882"},
    {file = "kiwisolver-1.3.1-cp39-cp39-manylinux2014_aarch64.whl", hash = "sha256:5c3e6455341008a054cccee8c5d24481bcfe1acdbc9add30aa95798e95c65621"},
    {file = "kiwisolver-1.3.1-cp39-cp39-manylinux2014_ppc64le.whl", hash = "sha256:acef3d59d47dd85ecf909c359d0fd2c81ed33bdff70216d3956b463e12c38a54"},
    {file = "kiwisolver-1.3.1-cp39-cp39-win32.whl", hash = "sha256:c5518d51a0735b1e6cee1fdce66359f8d2b59c3ca85dc2b0813a8aa86818a030"},
    {file = "kiwisolver-1.3.1-cp39-cp39-win_amd64.whl", hash = "sha256:b9edd0110a77fc321ab090aaa1cfcaba1d8499850a12848b81be2222eab648f6"},
    {file = "kiwisolver-1.3.1-pp36-pypy36_pp73-macosx_10_9_x86_64.whl", hash = "sha256:0cd53f403202159b44528498de18f9285b04482bab2a6fc3f5dd8dbb9352e30d"},
    {file = "kiwisolver-1.3.1-pp36-pypy36_pp73-manylinux2010_x86_64.whl", hash = "sha256:33449715e0101e4d34f64990352bce4095c8bf13bed1b390773fc0a7295967b3"},
    {file = "kiwisolver-1.3.1-pp36-pypy36_pp73-win32.whl", hash = "sha256:401a2e9afa8588589775fe34fc22d918ae839aaaf0c0e96441c0fdbce6d8ebe6"},
    {file = "kiwisolver-1.3.1.tar.gz", hash = "sha256:950a199911a8d94683a6b10321f9345d5a3a8433ec58b217ace979e18f16e248"},
]
lm-zoo = [
    {file = "lm-zoo-1.2.3.tar.gz", hash = "sha256:68a9acb3cfe0ee2a8e586925acbae0b03bd0d64ca83eac56b8c1bba4332214e0"},
]
matplotlib = [
    {file = "matplotlib-3.4.2-cp37-cp37m-macosx_10_9_x86_64.whl", hash = "sha256:c541ee5a3287efe066bbe358320853cf4916bc14c00c38f8f3d8d75275a405a9"},
    {file = "matplotlib-3.4.2-cp37-cp37m-manylinux1_i686.whl", hash = "sha256:3a5c18dbd2c7c366da26a4ad1462fe3e03a577b39e3b503bbcf482b9cdac093c"},
    {file = "matplotlib-3.4.2-cp37-cp37m-manylinux1_x86_64.whl", hash = "sha256:a9d8cb5329df13e0cdaa14b3b43f47b5e593ec637f13f14db75bb16e46178b05"},
    {file = "matplotlib-3.4.2-cp37-cp37m-manylinux2014_aarch64.whl", hash = "sha256:7ad19f3fb6145b9eb41c08e7cbb9f8e10b91291396bee21e9ce761bb78df63ec"},
    {file = "matplotlib-3.4.2-cp37-cp37m-win32.whl", hash = "sha256:7a58f3d8fe8fac3be522c79d921c9b86e090a59637cb88e3bc51298d7a2c862a"},
    {file = "matplotlib-3.4.2-cp37-cp37m-win_amd64.whl", hash = "sha256:6382bc6e2d7e481bcd977eb131c31dee96e0fb4f9177d15ec6fb976d3b9ace1a"},
    {file = "matplotlib-3.4.2-cp38-cp38-macosx_10_9_x86_64.whl", hash = "sha256:6a6a44f27aabe720ec4fd485061e8a35784c2b9ffa6363ad546316dfc9cea04e"},
    {file = "matplotlib-3.4.2-cp38-cp38-manylinux1_i686.whl", hash = "sha256:1c1779f7ab7d8bdb7d4c605e6ffaa0614b3e80f1e3c8ccf7b9269a22dbc5986b"},
    {file = "matplotlib-3.4.2-cp38-cp38-manylinux1_x86_64.whl", hash = "sha256:5826f56055b9b1c80fef82e326097e34dc4af8c7249226b7dd63095a686177d1"},
    {file = "matplotlib-3.4.2-cp38-cp38-manylinux2014_aarch64.whl", hash = "sha256:0bea5ec5c28d49020e5d7923c2725b837e60bc8be99d3164af410eb4b4c827da"},
    {file = "matplotlib-3.4.2-cp38-cp38-win32.whl", hash = "sha256:6475d0209024a77f869163ec3657c47fed35d9b6ed8bccba8aa0f0099fbbdaa8"},
    {file = "matplotlib-3.4.2-cp38-cp38-win_amd64.whl", hash = "sha256:21b31057bbc5e75b08e70a43cefc4c0b2c2f1b1a850f4a0f7af044eb4163086c"},
    {file = "matplotlib-3.4.2-cp39-cp39-macosx_10_9_x86_64.whl", hash = "sha256:b26535b9de85326e6958cdef720ecd10bcf74a3f4371bf9a7e5b2e659c17e153"},
    {file = "matplotlib-3.4.2-cp39-cp39-manylinux1_i686.whl", hash = "sha256:32fa638cc10886885d1ca3d409d4473d6a22f7ceecd11322150961a70fab66dd"},
    {file = "matplotlib-3.4.2-cp39-cp39-manylinux1_x86_64.whl", hash = "sha256:956c8849b134b4a343598305a3ca1bdd3094f01f5efc8afccdebeffe6b315247"},
    {file = "matplotlib-3.4.2-cp39-cp39-manylinux2014_aarch64.whl", hash = "sha256:85f191bb03cb1a7b04b5c2cca4792bef94df06ef473bc49e2818105671766fee"},
    {file = "matplotlib-3.4.2-cp39-cp39-win32.whl", hash = "sha256:b1d5a2cedf5de05567c441b3a8c2651fbde56df08b82640e7f06c8cd91e201f6"},
    {file = "matplotlib-3.4.2-cp39-cp39-win_amd64.whl", hash = "sha256:df815378a754a7edd4559f8c51fc7064f779a74013644a7f5ac7a0c31f875866"},
    {file = "matplotlib-3.4.2.tar.gz", hash = "sha256:d8d994cefdff9aaba45166eb3de4f5211adb4accac85cbf97137e98f26ea0219"},
]
more-itertools = [
    {file = "more-itertools-8.8.0.tar.gz", hash = "sha256:83f0308e05477c68f56ea3a888172c78ed5d5b3c282addb67508e7ba6c8f813a"},
    {file = "more_itertools-8.8.0-py3-none-any.whl", hash = "sha256:2cf89ec599962f2ddc4d568a05defc40e0a587fbc10d5989713638864c36be4d"},
]
numpy = [
    {file = "numpy-1.20.3-cp37-cp37m-macosx_10_9_x86_64.whl", hash = "sha256:70eb5808127284c4e5c9e836208e09d685a7978b6a216db85960b1a112eeace8"},
    {file = "numpy-1.20.3-cp37-cp37m-manylinux_2_12_i686.manylinux2010_i686.whl", hash = "sha256:6ca2b85a5997dabc38301a22ee43c82adcb53ff660b89ee88dded6b33687e1d8"},
    {file = "numpy-1.20.3-cp37-cp37m-manylinux_2_12_x86_64.manylinux2010_x86_64.whl", hash = "sha256:c5bf0e132acf7557fc9bb8ded8b53bbbbea8892f3c9a1738205878ca9434206a"},
    {file = "numpy-1.20.3-cp37-cp37m-manylinux_2_17_aarch64.manylinux2014_aarch64.whl", hash = "sha256:db250fd3e90117e0312b611574cd1b3f78bec046783195075cbd7ba9c3d73f16"},
    {file = "numpy-1.20.3-cp37-cp37m-manylinux_2_5_i686.manylinux1_i686.whl", hash = "sha256:637d827248f447e63585ca3f4a7d2dfaa882e094df6cfa177cc9cf9cd6cdf6d2"},
    {file = "numpy-1.20.3-cp37-cp37m-manylinux_2_5_x86_64.manylinux1_x86_64.whl", hash = "sha256:8b7bb4b9280da3b2856cb1fc425932f46fba609819ee1c62256f61799e6a51d2"},
    {file = "numpy-1.20.3-cp37-cp37m-win32.whl", hash = "sha256:67d44acb72c31a97a3d5d33d103ab06d8ac20770e1c5ad81bdb3f0c086a56cf6"},
    {file = "numpy-1.20.3-cp37-cp37m-win_amd64.whl", hash = "sha256:43909c8bb289c382170e0282158a38cf306a8ad2ff6dfadc447e90f9961bef43"},
    {file = "numpy-1.20.3-cp38-cp38-macosx_10_9_x86_64.whl", hash = "sha256:f1452578d0516283c87608a5a5548b0cdde15b99650efdfd85182102ef7a7c17"},
    {file = "numpy-1.20.3-cp38-cp38-manylinux_2_12_i686.manylinux2010_i686.whl", hash = "sha256:6e51534e78d14b4a009a062641f465cfaba4fdcb046c3ac0b1f61dd97c861b1b"},
    {file = "numpy-1.20.3-cp38-cp38-manylinux_2_12_x86_64.manylinux2010_x86_64.whl", hash = "sha256:e515c9a93aebe27166ec9593411c58494fa98e5fcc219e47260d9ab8a1cc7f9f"},
    {file = "numpy-1.20.3-cp38-cp38-manylinux_2_17_aarch64.manylinux2014_aarch64.whl", hash = "sha256:c1c09247ccea742525bdb5f4b5ceeacb34f95731647fe55774aa36557dbb5fa4"},
    {file = "numpy-1.20.3-cp38-cp38-manylinux_2_5_i686.manylinux1_i686.whl", hash = "sha256:66fbc6fed94a13b9801fb70b96ff30605ab0a123e775a5e7a26938b717c5d71a"},
    {file = "numpy-1.20.3-cp38-cp38-manylinux_2_5_x86_64.manylinux1_x86_64.whl", hash = "sha256:ea9cff01e75a956dbee133fa8e5b68f2f92175233de2f88de3a682dd94deda65"},
    {file = "numpy-1.20.3-cp38-cp38-win32.whl", hash = "sha256:f39a995e47cb8649673cfa0579fbdd1cdd33ea497d1728a6cb194d6252268e48"},
    {file = "numpy-1.20.3-cp38-cp38-win_amd64.whl", hash = "sha256:1676b0a292dd3c99e49305a16d7a9f42a4ab60ec522eac0d3dd20cdf362ac010"},
    {file = "numpy-1.20.3-cp39-cp39-macosx_10_9_x86_64.whl", hash = "sha256:830b044f4e64a76ba71448fce6e604c0fc47a0e54d8f6467be23749ac2cbd2fb"},
    {file = "numpy-1.20.3-cp39-cp39-manylinux_2_12_i686.manylinux2010_i686.whl", hash = "sha256:55b745fca0a5ab738647d0e4db099bd0a23279c32b31a783ad2ccea729e632df"},
    {file = "numpy-1.20.3-cp39-cp39-manylinux_2_12_x86_64.manylinux2010_x86_64.whl", hash = "sha256:5d050e1e4bc9ddb8656d7b4f414557720ddcca23a5b88dd7cff65e847864c400"},
    {file = "numpy-1.20.3-cp39-cp39-manylinux_2_17_aarch64.manylinux2014_aarch64.whl", hash = "sha256:a9c65473ebc342715cb2d7926ff1e202c26376c0dcaaee85a1fd4b8d8c1d3b2f"},
    {file = "numpy-1.20.3-cp39-cp39-win32.whl", hash = "sha256:16f221035e8bd19b9dc9a57159e38d2dd060b48e93e1d843c49cb370b0f415fd"},
    {file = "numpy-1.20.3-cp39-cp39-win_amd64.whl", hash = "sha256:6690080810f77485667bfbff4f69d717c3be25e5b11bb2073e76bb3f578d99b4"},
    {file = "numpy-1.20.3-pp37-pypy37_pp73-manylinux_2_12_x86_64.manylinux2010_x86_64.whl", hash = "sha256:4e465afc3b96dbc80cf4a5273e5e2b1e3451286361b4af70ce1adb2984d392f9"},
    {file = "numpy-1.20.3.zip", hash = "sha256:e55185e51b18d788e49fe8305fd73ef4470596b33fc2c1ceb304566b99c71a69"},
]
pandas = [
    {file = "pandas-1.2.3-cp37-cp37m-macosx_10_9_x86_64.whl", hash = "sha256:4d821b9b911fc1b7d428978d04ace33f0af32bb7549525c8a7b08444bce46b74"},
    {file = "pandas-1.2.3-cp37-cp37m-manylinux1_i686.whl", hash = "sha256:9f5829e64507ad10e2561b60baf285c470f3c4454b007c860e77849b88865ae7"},
    {file = "pandas-1.2.3-cp37-cp37m-manylinux1_x86_64.whl", hash = "sha256:97b1954533b2a74c7e20d1342c4f01311d3203b48f2ebf651891e6a6eaf01104"},
    {file = "pandas-1.2.3-cp37-cp37m-win32.whl", hash = "sha256:5e3c8c60541396110586bcbe6eccdc335a38e7de8c217060edaf4722260b158f"},
    {file = "pandas-1.2.3-cp37-cp37m-win_amd64.whl", hash = "sha256:8a051e957c5206f722e83f295f95a2cf053e890f9a1fba0065780a8c2d045f5d"},
    {file = "pandas-1.2.3-cp38-cp38-macosx_10_9_x86_64.whl", hash = "sha256:a93e34f10f67d81de706ce00bf8bb3798403cabce4ccb2de10c61b5ae8786ab5"},
    {file = "pandas-1.2.3-cp38-cp38-manylinux1_i686.whl", hash = "sha256:46fc671c542a8392a4f4c13edc8527e3a10f6cb62912d856f82248feb747f06e"},
    {file = "pandas-1.2.3-cp38-cp38-manylinux1_x86_64.whl", hash = "sha256:43e00770552595c2250d8d712ec8b6e08ca73089ac823122344f023efa4abea3"},
    {file = "pandas-1.2.3-cp38-cp38-win32.whl", hash = "sha256:475b7772b6e18a93a43ea83517932deff33954a10d4fbae18d0c1aba4182310f"},
    {file = "pandas-1.2.3-cp38-cp38-win_amd64.whl", hash = "sha256:72ffcea00ae8ffcdbdefff800284311e155fbb5ed6758f1a6110fc1f8f8f0c1c"},
    {file = "pandas-1.2.3-cp39-cp39-macosx_10_9_x86_64.whl", hash = "sha256:621c044a1b5e535cf7dcb3ab39fca6f867095c3ef223a524f18f60c7fee028ea"},
    {file = "pandas-1.2.3-cp39-cp39-manylinux1_i686.whl", hash = "sha256:0f27fd1adfa256388dc34895ca5437eaf254832223812afd817a6f73127f969c"},
    {file = "pandas-1.2.3-cp39-cp39-manylinux1_x86_64.whl", hash = "sha256:dbb255975eb94143f2e6ec7dadda671d25147939047839cd6b8a4aff0379bb9b"},
    {file = "pandas-1.2.3-cp39-cp39-win32.whl", hash = "sha256:d59842a5aa89ca03c2099312163ffdd06f56486050e641a45d926a072f04d994"},
    {file = "pandas-1.2.3-cp39-cp39-win_amd64.whl", hash = "sha256:09761bf5f8c741d47d4b8b9073288de1be39bbfccc281d70b889ade12b2aad29"},
    {file = "pandas-1.2.3.tar.gz", hash = "sha256:df6f10b85aef7a5bb25259ad651ad1cc1d6bb09000595cab47e718cbac250b1d"},
]
pillow = [
    {file = "Pillow-8.2.0-cp36-cp36m-macosx_10_10_x86_64.whl", hash = "sha256:dc38f57d8f20f06dd7c3161c59ca2c86893632623f33a42d592f097b00f720a9"},
    {file = "Pillow-8.2.0-cp36-cp36m-manylinux1_i686.whl", hash = "sha256:a013cbe25d20c2e0c4e85a9daf438f85121a4d0344ddc76e33fd7e3965d9af4b"},
    {file = "Pillow-8.2.0-cp36-cp36m-manylinux1_x86_64.whl", hash = "sha256:8bb1e155a74e1bfbacd84555ea62fa21c58e0b4e7e6b20e4447b8d07990ac78b"},
    {file = "Pillow-8.2.0-cp36-cp36m-manylinux2014_aarch64.whl", hash = "sha256:c5236606e8570542ed424849f7852a0ff0bce2c4c8d0ba05cc202a5a9c97dee9"},
    {file = "Pillow-8.2.0-cp36-cp36m-win32.whl", hash = "sha256:12e5e7471f9b637762453da74e390e56cc43e486a88289995c1f4c1dc0bfe727"},
    {file = "Pillow-8.2.0-cp36-cp36m-win_amd64.whl", hash = "sha256:5afe6b237a0b81bd54b53f835a153770802f164c5570bab5e005aad693dab87f"},
    {file = "Pillow-8.2.0-cp37-cp37m-macosx_10_10_x86_64.whl", hash = "sha256:cb7a09e173903541fa888ba010c345893cd9fc1b5891aaf060f6ca77b6a3722d"},
    {file = "Pillow-8.2.0-cp37-cp37m-manylinux1_i686.whl", hash = "sha256:0d19d70ee7c2ba97631bae1e7d4725cdb2ecf238178096e8c82ee481e189168a"},
    {file = "Pillow-8.2.0-cp37-cp37m-manylinux1_x86_64.whl", hash = "sha256:083781abd261bdabf090ad07bb69f8f5599943ddb539d64497ed021b2a67e5a9"},
    {file = "Pillow-8.2.0-cp37-cp37m-manylinux2014_aarch64.whl", hash = "sha256:c6b39294464b03457f9064e98c124e09008b35a62e3189d3513e5148611c9388"},
    {file = "Pillow-8.2.0-cp37-cp37m-win32.whl", hash = "sha256:01425106e4e8cee195a411f729cff2a7d61813b0b11737c12bd5991f5f14bcd5"},
    {file = "Pillow-8.2.0-cp37-cp37m-win_amd64.whl", hash = "sha256:3b570f84a6161cf8865c4e08adf629441f56e32f180f7aa4ccbd2e0a5a02cba2"},
    {file = "Pillow-8.2.0-cp38-cp38-macosx_10_10_x86_64.whl", hash = "sha256:031a6c88c77d08aab84fecc05c3cde8414cd6f8406f4d2b16fed1e97634cc8a4"},
    {file = "Pillow-8.2.0-cp38-cp38-manylinux1_i686.whl", hash = "sha256:66cc56579fd91f517290ab02c51e3a80f581aba45fd924fcdee01fa06e635812"},
    {file = "Pillow-8.2.0-cp38-cp38-manylinux1_x86_64.whl", hash = "sha256:6c32cc3145928c4305d142ebec682419a6c0a8ce9e33db900027ddca1ec39178"},
    {file = "Pillow-8.2.0-cp38-cp38-manylinux2014_aarch64.whl", hash = "sha256:624b977355cde8b065f6d51b98497d6cd5fbdd4f36405f7a8790e3376125e2bb"},
    {file = "Pillow-8.2.0-cp38-cp38-win32.whl", hash = "sha256:5cbf3e3b1014dddc45496e8cf38b9f099c95a326275885199f427825c6522232"},
    {file = "Pillow-8.2.0-cp38-cp38-win_amd64.whl", hash = "sha256:463822e2f0d81459e113372a168f2ff59723e78528f91f0bd25680ac185cf797"},
    {file = "Pillow-8.2.0-cp39-cp39-macosx_10_10_x86_64.whl", hash = "sha256:95d5ef984eff897850f3a83883363da64aae1000e79cb3c321915468e8c6add5"},
    {file = "Pillow-8.2.0-cp39-cp39-macosx_11_0_arm64.whl", hash = "sha256:b91c36492a4bbb1ee855b7d16fe51379e5f96b85692dc8210831fbb24c43e484"},
    {file = "Pillow-8.2.0-cp39-cp39-manylinux1_i686.whl", hash = "sha256:d68cb92c408261f806b15923834203f024110a2e2872ecb0bd2a110f89d3c602"},
    {file = "Pillow-8.2.0-cp39-cp39-manylinux1_x86_64.whl", hash = "sha256:f217c3954ce5fd88303fc0c317af55d5e0204106d86dea17eb8205700d47dec2"},
    {file = "Pillow-8.2.0-cp39-cp39-manylinux2014_aarch64.whl", hash = "sha256:5b70110acb39f3aff6b74cf09bb4169b167e2660dabc304c1e25b6555fa781ef"},
    {file = "Pillow-8.2.0-cp39-cp39-win32.whl", hash = "sha256:a7d5e9fad90eff8f6f6106d3b98b553a88b6f976e51fce287192a5d2d5363713"},
    {file = "Pillow-8.2.0-cp39-cp39-win_amd64.whl", hash = "sha256:238c197fc275b475e87c1453b05b467d2d02c2915fdfdd4af126145ff2e4610c"},
    {file = "Pillow-8.2.0-pp36-pypy36_pp73-macosx_10_10_x86_64.whl", hash = "sha256:0e04d61f0064b545b989126197930807c86bcbd4534d39168f4aa5fda39bb8f9"},
    {file = "Pillow-8.2.0-pp36-pypy36_pp73-manylinux2010_i686.whl", hash = "sha256:63728564c1410d99e6d1ae8e3b810fe012bc440952168af0a2877e8ff5ab96b9"},
    {file = "Pillow-8.2.0-pp36-pypy36_pp73-manylinux2010_x86_64.whl", hash = "sha256:c03c07ed32c5324939b19e36ae5f75c660c81461e312a41aea30acdd46f93a7c"},
    {file = "Pillow-8.2.0-pp37-pypy37_pp73-macosx_10_10_x86_64.whl", hash = "sha256:4d98abdd6b1e3bf1a1cbb14c3895226816e666749ac040c4e2554231068c639b"},
    {file = "Pillow-8.2.0-pp37-pypy37_pp73-manylinux2010_i686.whl", hash = "sha256:aac00e4bc94d1b7813fe882c28990c1bc2f9d0e1aa765a5f2b516e8a6a16a9e4"},
    {file = "Pillow-8.2.0-pp37-pypy37_pp73-manylinux2010_x86_64.whl", hash = "sha256:22fd0f42ad15dfdde6c581347eaa4adb9a6fc4b865f90b23378aa7914895e120"},
    {file = "Pillow-8.2.0-pp37-pypy37_pp73-win32.whl", hash = "sha256:e98eca29a05913e82177b3ba3d198b1728e164869c613d76d0de4bde6768a50e"},
    {file = "Pillow-8.2.0-pp37-pypy37_pp73-win_amd64.whl", hash = "sha256:8b56553c0345ad6dcb2e9b433ae47d67f95fc23fe28a0bde15a120f25257e291"},
    {file = "Pillow-8.2.0.tar.gz", hash = "sha256:a787ab10d7bb5494e5f76536ac460741788f1fbce851068d73a87ca7c35fc3e1"},
]
pyparsing = [
    {file = "pyparsing-2.4.7-py2.py3-none-any.whl", hash = "sha256:ef9d7589ef3c200abe66653d3f1ab1033c3c419ae9b9bdb1240a85b024efc88b"},
    {file = "pyparsing-2.4.7.tar.gz", hash = "sha256:c203ec8783bf771a155b207279b9bccb8dea02d8f0c9e5f8ead507bc3246ecc1"},
]
python-dateutil = [
    {file = "python-dateutil-2.8.1.tar.gz", hash = "sha256:73ebfe9dbf22e832286dafa60473e4cd239f8592f699aa5adaf10050e6e1823c"},
    {file = "python_dateutil-2.8.1-py2.py3-none-any.whl", hash = "sha256:75bb3f31ea686f1197762692a9ee6a7550b59fc6ca3a1f4b5d7e32fb98e2da2a"},
]
pytz = [
    {file = "pytz-2021.1-py2.py3-none-any.whl", hash = "sha256:eb10ce3e7736052ed3623d49975ce333bcd712c7bb19a58b9e2089d4057d0798"},
    {file = "pytz-2021.1.tar.gz", hash = "sha256:83a4a90894bf38e243cf052c8b58f381bfe9a7a483f6a9cab140bc7f702ac4da"},
]
pywin32 = [
    {file = "pywin32-227-cp27-cp27m-win32.whl", hash = "sha256:371fcc39416d736401f0274dd64c2302728c9e034808e37381b5e1b22be4a6b0"},
    {file = "pywin32-227-cp27-cp27m-win_amd64.whl", hash = "sha256:4cdad3e84191194ea6d0dd1b1b9bdda574ff563177d2adf2b4efec2a244fa116"},
    {file = "pywin32-227-cp35-cp35m-win32.whl", hash = "sha256:f4c5be1a293bae0076d93c88f37ee8da68136744588bc5e2be2f299a34ceb7aa"},
    {file = "pywin32-227-cp35-cp35m-win_amd64.whl", hash = "sha256:a929a4af626e530383a579431b70e512e736e9588106715215bf685a3ea508d4"},
    {file = "pywin32-227-cp36-cp36m-win32.whl", hash = "sha256:300a2db938e98c3e7e2093e4491439e62287d0d493fe07cce110db070b54c0be"},
    {file = "pywin32-227-cp36-cp36m-win_amd64.whl", hash = "sha256:9b31e009564fb95db160f154e2aa195ed66bcc4c058ed72850d047141b36f3a2"},
    {file = "pywin32-227-cp37-cp37m-win32.whl", hash = "sha256:47a3c7551376a865dd8d095a98deba954a98f326c6fe3c72d8726ca6e6b15507"},
    {file = "pywin32-227-cp37-cp37m-win_amd64.whl", hash = "sha256:31f88a89139cb2adc40f8f0e65ee56a8c585f629974f9e07622ba80199057511"},
    {file = "pywin32-227-cp38-cp38-win32.whl", hash = "sha256:7f18199fbf29ca99dff10e1f09451582ae9e372a892ff03a28528a24d55875bc"},
    {file = "pywin32-227-cp38-cp38-win_amd64.whl", hash = "sha256:7c1ae32c489dc012930787f06244426f8356e129184a02c25aef163917ce158e"},
    {file = "pywin32-227-cp39-cp39-win32.whl", hash = "sha256:c054c52ba46e7eb6b7d7dfae4dbd987a1bb48ee86debe3f245a2884ece46e295"},
    {file = "pywin32-227-cp39-cp39-win_amd64.whl", hash = "sha256:f27cec5e7f588c3d1051651830ecc00294f90728d19c3bf6916e6dba93ea357c"},
]
requests = [
    {file = "requests-2.25.1-py2.py3-none-any.whl", hash = "sha256:c210084e36a42ae6b9219e00e48287def368a26d03a048ddad7bfee44f75871e"},
    {file = "requests-2.25.1.tar.gz", hash = "sha256:27973dd4a904a4f13b263a19c866c13b92a39ed1c964655f025f3f8d3d75b804"},
]
scipy = [
    {file = "scipy-1.6.1-cp37-cp37m-macosx_10_9_x86_64.whl", hash = "sha256:a15a1f3fc0abff33e792d6049161b7795909b40b97c6cc2934ed54384017ab76"},
    {file = "scipy-1.6.1-cp37-cp37m-manylinux1_i686.whl", hash = "sha256:e79570979ccdc3d165456dd62041d9556fb9733b86b4b6d818af7a0afc15f092"},
    {file = "scipy-1.6.1-cp37-cp37m-manylinux1_x86_64.whl", hash = "sha256:a423533c55fec61456dedee7b6ee7dce0bb6bfa395424ea374d25afa262be261"},
    {file = "scipy-1.6.1-cp37-cp37m-manylinux2014_aarch64.whl", hash = "sha256:33d6b7df40d197bdd3049d64e8e680227151673465e5d85723b3b8f6b15a6ced"},
    {file = "scipy-1.6.1-cp37-cp37m-win32.whl", hash = "sha256:6725e3fbb47da428794f243864f2297462e9ee448297c93ed1dcbc44335feb78"},
    {file = "scipy-1.6.1-cp37-cp37m-win_amd64.whl", hash = "sha256:5fa9c6530b1661f1370bcd332a1e62ca7881785cc0f80c0d559b636567fab63c"},
    {file = "scipy-1.6.1-cp38-cp38-macosx_10_9_x86_64.whl", hash = "sha256:bd50daf727f7c195e26f27467c85ce653d41df4358a25b32434a50d8870fc519"},
    {file = "scipy-1.6.1-cp38-cp38-manylinux1_i686.whl", hash = "sha256:f46dd15335e8a320b0fb4685f58b7471702234cba8bb3442b69a3e1dc329c345"},
    {file = "scipy-1.6.1-cp38-cp38-manylinux1_x86_64.whl", hash = "sha256:0e5b0ccf63155d90da576edd2768b66fb276446c371b73841e3503be1d63fb5d"},
    {file = "scipy-1.6.1-cp38-cp38-manylinux2014_aarch64.whl", hash = "sha256:2481efbb3740977e3c831edfd0bd9867be26387cacf24eb5e366a6a374d3d00d"},
    {file = "scipy-1.6.1-cp38-cp38-win32.whl", hash = "sha256:68cb4c424112cd4be886b4d979c5497fba190714085f46b8ae67a5e4416c32b4"},
    {file = "scipy-1.6.1-cp38-cp38-win_amd64.whl", hash = "sha256:5f331eeed0297232d2e6eea51b54e8278ed8bb10b099f69c44e2558c090d06bf"},
    {file = "scipy-1.6.1-cp39-cp39-macosx_10_9_x86_64.whl", hash = "sha256:0c8a51d33556bf70367452d4d601d1742c0e806cd0194785914daf19775f0e67"},
    {file = "scipy-1.6.1-cp39-cp39-manylinux1_i686.whl", hash = "sha256:83bf7c16245c15bc58ee76c5418e46ea1811edcc2e2b03041b804e46084ab627"},
    {file = "scipy-1.6.1-cp39-cp39-manylinux1_x86_64.whl", hash = "sha256:794e768cc5f779736593046c9714e0f3a5940bc6dcc1dba885ad64cbfb28e9f0"},
    {file = "scipy-1.6.1-cp39-cp39-manylinux2014_aarch64.whl", hash = "sha256:5da5471aed911fe7e52b86bf9ea32fb55ae93e2f0fac66c32e58897cfb02fa07"},
    {file = "scipy-1.6.1-cp39-cp39-win32.whl", hash = "sha256:8e403a337749ed40af60e537cc4d4c03febddcc56cd26e774c9b1b600a70d3e4"},
    {file = "scipy-1.6.1-cp39-cp39-win_amd64.whl", hash = "sha256:a5193a098ae9f29af283dcf0041f762601faf2e595c0db1da929875b7570353f"},
    {file = "scipy-1.6.1.tar.gz", hash = "sha256:c4fceb864890b6168e79b0e714c585dbe2fd4222768ee90bc1aa0f8218691b11"},
]
semver = [
    {file = "semver-2.13.0-py2.py3-none-any.whl", hash = "sha256:ced8b23dceb22134307c1b8abfa523da14198793d9787ac838e70e29e77458d4"},
    {file = "semver-2.13.0.tar.gz", hash = "sha256:fa0fe2722ee1c3f57eac478820c3a5ae2f624af8264cbdf9000c980ff7f75e3f"},
]
six = [
    {file = "six-1.15.0-py2.py3-none-any.whl", hash = "sha256:8b74bedcbbbaca38ff6d7491d76f2b06b3592611af620f8426e82dddb04a5ced"},
    {file = "six-1.15.0.tar.gz", hash = "sha256:30639c035cdb23534cd4aa2dd52c3bf48f06e5f4a941509c8bafd8ce11080259"},
]
spython = [
    {file = "spython-0.1.11.tar.gz", hash = "sha256:ee697d102a38d1d6958b4567b3975e168027336e2400a37066bcc27d57138b2a"},
]
syntaxgym = [
    {file = "syntaxgym-0.5.8.tar.gz", hash = "sha256:d541cd5af9d0fe0059e59f0cfd96d2ef29981ef68a6577f395b0df976bed0aa0"},
]
tikzplotlib = [
    {file = "tikzplotlib-0.9.8-py3-none-any.whl", hash = "sha256:e9c33fa35d7ec3024674207469f86bd9a29128783b55fc6b3bee968e8e28a8db"},
    {file = "tikzplotlib-0.9.8.tar.gz", hash = "sha256:bf205e74e27e9efefde70d7773675a8432dab600741ac8c0db93daaeb7fc957c"},
]
torch = [
    {file = "torch-1.8.1-cp36-cp36m-manylinux1_x86_64.whl", hash = "sha256:f23eeb1a48cc39209d986c418ad7e02227eee973da45c0c42d36b1aec72f4940"},
    {file = "torch-1.8.1-cp36-cp36m-manylinux2014_aarch64.whl", hash = "sha256:4ace9c5bb94d5a7b9582cd089993201658466e9c59ff88bd4e9e08f6f072d1cf"},
    {file = "torch-1.8.1-cp36-cp36m-win_amd64.whl", hash = "sha256:6ffa1e7ae079c7cb828712cb0cdaae5cc4fb87c16a607e6d14526b62c20bcc17"},
    {file = "torch-1.8.1-cp36-none-macosx_10_9_x86_64.whl", hash = "sha256:16f2630d9604c4ee28ea7d6e388e2264cd7bc6031c6ecd796bae3f56b5efa9a3"},
    {file = "torch-1.8.1-cp37-cp37m-manylinux1_x86_64.whl", hash = "sha256:95b7bbbacc3f28fe438f418392ceeae146a01adc03b29d44917d55214ac234c9"},
    {file = "torch-1.8.1-cp37-cp37m-manylinux2014_aarch64.whl", hash = "sha256:55137feb2f5a0dc7aced5bba690dcdb7652054ad3452b09a2bbb59f02a11e9ff"},
    {file = "torch-1.8.1-cp37-cp37m-win_amd64.whl", hash = "sha256:8ad2252bf09833dcf46a536a78544e349b8256a370e03a98627ebfb118d9555b"},
    {file = "torch-1.8.1-cp37-none-macosx_10_9_x86_64.whl", hash = "sha256:1388b30fbd262c1a053d6c9ace73bb0bd8f5871b4892b6f3e02d1d7bc9768563"},
    {file = "torch-1.8.1-cp38-cp38-manylinux1_x86_64.whl", hash = "sha256:e7ad1649adb7dc2a450e70a3e51240b84fa4746c69c8f98989ce0c254f9fba3a"},
    {file = "torch-1.8.1-cp38-cp38-manylinux2014_aarch64.whl", hash = "sha256:3e4190c04dfd89c59bad06d5fe451446643a65e6d2607cc989eb1001ee76e12f"},
    {file = "torch-1.8.1-cp38-cp38-win_amd64.whl", hash = "sha256:5c2e9a33d44cdb93ebd739b127ffd7da786bf5f740539539195195b186a05f6c"},
    {file = "torch-1.8.1-cp38-none-macosx_10_9_x86_64.whl", hash = "sha256:c6ede2ae4dcd8214b63e047efabafa92493605205a947574cf358216ca4e440a"},
    {file = "torch-1.8.1-cp39-cp39-manylinux1_x86_64.whl", hash = "sha256:ce7d435426f3dd14f95710d779aa46e9cd5e077d512488e813f7589fdc024f78"},
    {file = "torch-1.8.1-cp39-cp39-manylinux2014_aarch64.whl", hash = "sha256:a50ea8ed900927fb30cadb63aa7a32fdd59c7d7abe5012348dfbe35a8355c083"},
    {file = "torch-1.8.1-cp39-cp39-win_amd64.whl", hash = "sha256:dac4d10494e74f7e553c92d7263e19ea501742c4825ddd26c4decfa27be95981"},
    {file = "torch-1.8.1-cp39-none-macosx_10_9_x86_64.whl", hash = "sha256:225ee4238c019b28369c71977327deeeb2bd1c6b8557e6fcf631b8866bdc5447"},
]
torch-semiring-einsum = [
    {file = "torch_semiring_einsum-1.0.0-py3-none-any.whl", hash = "sha256:50d0a01b00f29047eb677d367076bc85062eab1929c056cada3dda4ea9e06257"},
    {file = "torch_semiring_einsum-1.0.0.tar.gz", hash = "sha256:d1eef41d111bc0747fb405a00e182cc443a4964ac53200cbb0bf13628c888ec9"},
]
tqdm = [
    {file = "tqdm-4.59.0-py2.py3-none-any.whl", hash = "sha256:9fdf349068d047d4cfbe24862c425883af1db29bcddf4b0eeb2524f6fbdb23c7"},
    {file = "tqdm-4.59.0.tar.gz", hash = "sha256:d666ae29164da3e517fcf125e41d4fe96e5bb375cd87ff9763f6b38b5592fe33"},
]
typing-extensions = [
    {file = "typing_extensions-3.10.0.0-py2-none-any.whl", hash = "sha256:0ac0f89795dd19de6b97debb0c6af1c70987fd80a2d62d1958f7e56fcc31b497"},
    {file = "typing_extensions-3.10.0.0-py3-none-any.whl", hash = "sha256:779383f6086d90c99ae41cf0ff39aac8a7937a9283ce0a414e5dd782f4c94a84"},
    {file = "typing_extensions-3.10.0.0.tar.gz", hash = "sha256:50b6f157849174217d0656f99dc82fe932884fb250826c18350e159ec6cdf342"},
]
urllib3 = [
    {file = "urllib3-1.26.4-py2.py3-none-any.whl", hash = "sha256:2f4da4594db7e1e110a944bb1b551fdf4e6c136ad42e4234131391e21eb5b0df"},
    {file = "urllib3-1.26.4.tar.gz", hash = "sha256:e7b021f7241115872f92f43c6508082facffbd1c048e3c6e2bb9c2a157e28937"},
]
websocket-client = [
    {file = "websocket_client-0.58.0-py2.py3-none-any.whl", hash = "sha256:44b5df8f08c74c3d82d28100fdc81f4536809ce98a17f0757557813275fbb663"},
    {file = "websocket_client-0.58.0.tar.gz", hash = "sha256:63509b41d158ae5b7f67eb4ad20fecbb4eee99434e73e140354dc3ff8e09716f"},
]
